{
  "name": "@wirtbot/crypto",
  "version": "1.0.0",
  "lockfileVersion": 2,
  "requires": true,
  "packages": {
    "": {
      "name": "@wirtbot/crypto",
      "version": "1.0.0",
      "license": "AGPL-3.0",
      "dependencies": {
        "@wirtbot/rust-wasm": "file:../rust-wasm"
      }
    },
    "../rust-wasm": {
      "version": "1.0.0",
      "license": "AGPL-3.0",
      "dependencies": {
        "wasm-pack": "0.9.1"
      }
    },
    "node_modules/@wirtbot/rust-wasm": {
      "resolved": "../rust-wasm",
      "link": true
    }
  },
  "dependencies": {
    "@wirtbot/rust-wasm": {
      "version": "file:../rust-wasm",
      "requires": {
        "wasm-pack": "0.9.1"
      }
    }
  }
}
